{
  "name": "node-root-directories",
  "version": "1.0.0",
  "lockfileVersion": 1,
  "requires": true,
  "dependencies": {
    "node-directories": {
      "version": "1.0.0",
      "resolved": "https://registry.npmjs.org/node-directories/-/node-directories-1.0.0.tgz",
      "integrity": "sha512-t8p6szTn0Gn61Ruw0Ok4iJRt8vRCmL1o2BGjf+9MadMrIVgLrEQYiiWCmQ7L2jzth1LxvifJbr9q3gvTOHTvDg=="
    }
  }
}
