{
  "name": "node-root-directories",
  "version": "1.0.1",
  "lockfileVersion": 1,
  "requires": true,
  "dependencies": {
    "node-directories": {
      "version": "1.0.1",
      "resolved": "https://registry.npmjs.org/node-directories/-/node-directories-1.0.1.tgz",
      "integrity": "sha512-+zsV+4KjQqngAv/cjxPAQogtowTmf6bExnYRAtNNgz4HZGfyOZqyv7FAv+zYlArBn4J6ozQxprM3f3hfuBJOsg=="
    }
  }
}
